version: 3
metadata:
  content_hash:
    win-64: e90c2ee71ad70fc0a1c8302029533a7d1498f2bffcd0eaa8d2934700e775dc1d
  channels:
  - url: https://conda.anaconda.org/conda-forge/
    used_env_vars: []
  platforms:
  - win-64
  sources: []
  time_metadata: null
  git_metadata: null
  inputs_metadata: null
  custom_metadata: null
package:
- platform: win-64
  name: nodejs
  version: 20.9.0
  category: main
  manager: conda
  dependencies: []
  url: https://conda.anaconda.org/conda-forge/win-64/nodejs-20.9.0-h57928b3_0.conda
  hash:
    md5: 97d4628e7c293eb10516d35c6fb3c7e5
    sha256: 7ec505ac95df1847bd0065ae587a4fd176a23e4ddccda246113e0b5426a8469e
  build: h57928b3_0
  arch: x86_64
  subdir: win-64
  build_number: 0
  license: MIT
  license_family: MIT
  size: 22600407
  timestamp: 1700384957633
- platform: win-64
  name: pnpm
  version: 8.14.3
  category: main
  manager: conda
  dependencies:
  - nodejs >=20.9.0,<21.0a0
  - ucrt >=10.0.20348.0
  - vc >=14.2,<15
  - vc14_runtime >=14.29.30139
  url: https://conda.anaconda.org/conda-forge/win-64/pnpm-8.14.3-h84e7bf4_0.conda
  hash:
    md5: 427e4456edc89cee039f03e256044441
    sha256: 8fb1e7693d6d742cc5b7201d494eb790d6a9b6a0df4421895e6804a0347f571a
  build: h84e7bf4_0
  arch: x86_64
  subdir: win-64
  build_number: 0
  license: MIT
  license_family: MIT
  size: 3032352
  timestamp: 1706009074234
- platform: win-64
  name: ucrt
  version: 10.0.22621.0
  category: main
  manager: conda
  dependencies: []
  url: https://conda.anaconda.org/conda-forge/win-64/ucrt-10.0.22621.0-h57928b3_0.tar.bz2
  hash:
    md5: 72608f6cd3e5898229c3ea16deb1ac43
    sha256: f29cdaf8712008f6b419b8b1a403923b00ab2504bfe0fb2ba8eb60e72d4f14c6
  build: h57928b3_0
  arch: x86_64
  subdir: win-64
  build_number: 0
  constrains:
  - vs2015_runtime >=14.29.30037
  license: LicenseRef-Proprietary
  license_family: PROPRIETARY
  size: 1283972
  timestamp: 1666630199266
- platform: win-64
  name: vc
  version: '14.3'
  category: main
  manager: conda
  dependencies:
  - vc14_runtime >=14.38.33130
  url: https://conda.anaconda.org/conda-forge/win-64/vc-14.3-hcf57466_18.conda
  hash:
    md5: 20e1e652a4c740fa719002a8449994a2
    sha256: 447a8d8292a7b2107dcc18afb67f046824711a652725fc0f522c368e7a7b8318
  build: hcf57466_18
  arch: x86_64
  subdir: win-64
  build_number: 18
  track_features: vc14
  license: BSD-3-Clause
  license_family: BSD
  size: 16977
  timestamp: 1702511255313
- platform: win-64
  name: vc14_runtime
  version: 14.38.33130
  category: main
  manager: conda
  dependencies:
  - ucrt >=10.0.20348.0
  url: https://conda.anaconda.org/conda-forge/win-64/vc14_runtime-14.38.33130-h82b7239_18.conda
  hash:
    md5: 8be79fdd2725ddf7bbf8a27a4c1f79ba
    sha256: bf94c9af4b2e9cba88207001197e695934eadc96a5c5e4cd7597e950aae3d8ff
  build: h82b7239_18
  arch: x86_64
  subdir: win-64
  build_number: 18
  constrains:
  - vs2015_runtime 14.38.33130.* *_18
  license: LicenseRef-ProprietaryMicrosoft
  license_family: Proprietary
  size: 749868
  timestamp: 1702511239004
